// !$*UTF8*$!
{
	archiveVersion = 1;
	classes = {
	};
	objectVersion = 77;
	objects = {

/* Begin PBXBuildFile section */
		01262DE59B46D2A204377F1D /* FolderMembership.swift in Sources */ = {isa = PBXBuildFile; fileRef = 17A60E43D00F2AEB85499BCA /* FolderMembership.swift */; };
		0C34726CCF898D3B224D7296 /* ShowNotesView.swift in Sources */ = {isa = PBXBuildFile; fileRef = 9C2A7F38E26A61D91D5846A4 /* ShowNotesView.swift */; };
		0EA843CE44BDF92F60286C83 /* QuickActionsSettingsView.swift in Sources */ = {isa = PBXBuildFile; fileRef = F5725AE54EE0504CA412713C /* QuickActionsSettingsView.swift */; };
		0F598FF01FFD7FF9B1B5BB69 /* AppSetting.swift in Sources */ = {isa = PBXBuildFile; fileRef = ABEEC723E5C0BC90DFC057B2 /* AppSetting.swift */; };
		120F7E7696DFA8780C99278B /* TestSupport.swift in Sources */ = {isa = PBXBuildFile; fileRef = EE47A8895121139EC1D75B8A /* TestSupport.swift */; };
		12FF5569EF0035E8169F9C7B /* SubscriptionRepositoryTests.swift in Sources */ = {isa = PBXBuildFile; fileRef = 9CCBE4AE43F4BE56415F15CA /* SubscriptionRepositoryTests.swift */; };
		13797CCEF4754E2CB175CA74 /* RSSParser.swift in Sources */ = {isa = PBXBuildFile; fileRef = 85CC9C4E71AE76C7AD5682BB /* RSSParser.swift */; };
		14767E36BB627235213229DF /* PlaybackLogicTests.swift in Sources */ = {isa = PBXBuildFile; fileRef = 2767329BD74341CFE704F947 /* PlaybackLogicTests.swift */; };
		1EB72C9EDA751CE62531D56B /* RootView.swift in Sources */ = {isa = PBXBuildFile; fileRef = 2BE919DDCD5DBE1272334FF6 /* RootView.swift */; };
		2651183B9A6197ACA0DCEC9D /* SubscriptionsView.swift in Sources */ = {isa = PBXBuildFile; fileRef = 3B9DA2518345900178343187 /* SubscriptionsView.swift */; };
		2E1D2D6E6830D24F356C575D /* AppSettingsStore.swift in Sources */ = {isa = PBXBuildFile; fileRef = 58EF6C73A139CF1EDE219A40 /* AppSettingsStore.swift */; };
		32BF15D8A033A13EA5B4F6C3 /* ListeningSession.swift in Sources */ = {isa = PBXBuildFile; fileRef = 4C882FAEA23E70A49123D92E /* ListeningSession.swift */; };
		33C506B6499A0ED5BFBA8756 /* ModelEnums.swift in Sources */ = {isa = PBXBuildFile; fileRef = F0E82F35CB949845DE1189C9 /* ModelEnums.swift */; };
		36F063B141F605CB5193359F /* PlaybackLogic.swift in Sources */ = {isa = PBXBuildFile; fileRef = 8EC414F03B2203A2D9FC8456 /* PlaybackLogic.swift */; };
		3C6476CFA60A09AE37DB5A26 /* AppColor.swift in Sources */ = {isa = PBXBuildFile; fileRef = 2A70527F1DAF265141AC6979 /* AppColor.swift */; };
		3DA541CA557082ADCED13D06 /* QueueLogicTests.swift in Sources */ = {isa = PBXBuildFile; fileRef = 4728275D0F503536DAC8C87F /* QueueLogicTests.swift */; };
		41AFCC8DA6210A4533048FBD /* QueueRepositoryTests.swift in Sources */ = {isa = PBXBuildFile; fileRef = 28A65FBFCB276A5A5134554C /* QueueRepositoryTests.swift */; };
		42C670F214460BADA919C9DB /* EpisodeActionsBuilder.swift in Sources */ = {isa = PBXBuildFile; fileRef = 75F9762C13BCD2647A7BBDAD /* EpisodeActionsBuilder.swift */; };
		4A96AC7CA53D6D1AD19EDA3E /* Podcast.swift in Sources */ = {isa = PBXBuildFile; fileRef = 7CF61D55C48D468680AB681C /* Podcast.swift */; };
		500EB520CE09383649EA453D /* RecentlyExpired.swift in Sources */ = {isa = PBXBuildFile; fileRef = 87A568096519564A56357FBD /* RecentlyExpired.swift */; };
		51AB6A682FF34A1A768BCF68 /* CoreServicesTests.swift in Sources */ = {isa = PBXBuildFile; fileRef = 278A76C6E3AB1F92AFACB741 /* CoreServicesTests.swift */; };
		51EE602096FEE0FF490A7CBB /* PlayerService.swift in Sources */ = {isa = PBXBuildFile; fileRef = E565903CF72B66FF3E108C5B /* PlayerService.swift */; };
		5300063D3DF0F8B0C230D30E /* EpisodeAction.swift in Sources */ = {isa = PBXBuildFile; fileRef = B5F71AE13AFCDD1550650672 /* EpisodeAction.swift */; };
		5DC7D8D09A34917698C18126 /* NowPlayingBar.swift in Sources */ = {isa = PBXBuildFile; fileRef = 25DCF677FA43A7F79872AE07 /* NowPlayingBar.swift */; };
		60BEBF0B98670BDA9980C3B6 /* Episode.swift in Sources */ = {isa = PBXBuildFile; fileRef = 478105CB6C9A1309975A07A1 /* Episode.swift */; };
		6431563238F258D03A768B3C /* PlaybackStartup.swift in Sources */ = {isa = PBXBuildFile; fileRef = 176D270ABFB38F7C3BBA92BA /* PlaybackStartup.swift */; };
		6CD33440829B9B83DBA4F576 /* QuickActionConfig.swift in Sources */ = {isa = PBXBuildFile; fileRef = 7B3D418DEEE23B973A761F26 /* QuickActionConfig.swift */; };
		78792212EF7E1CCAE13117F8 /* RSSParserTests.swift in Sources */ = {isa = PBXBuildFile; fileRef = 59BE4582317C4948ECEF3288 /* RSSParserTests.swift */; };
		87D55A542BD1471B1F6DCA83 /* EpisodeRow.swift in Sources */ = {isa = PBXBuildFile; fileRef = A621AE99537538C3A0AD021C /* EpisodeRow.swift */; };
		9B96460020EE778842F1D5C4 /* Spacing.swift in Sources */ = {isa = PBXBuildFile; fileRef = B27BB426B5C9992591376435 /* Spacing.swift */; };
		A5562928188E34157246A1FE /* EarshotSchema.swift in Sources */ = {isa = PBXBuildFile; fileRef = DF69017C7C2090E496CBC830 /* EarshotSchema.swift */; };
		A66F5F9A02B2E31F587CB2B4 /* ReduceMotion.swift in Sources */ = {isa = PBXBuildFile; fileRef = B460461D7FFCC6EB70CB51B4 /* ReduceMotion.swift */; };
		A6ABA0F37BA96A1A6D768F49 /* EpisodeListView.swift in Sources */ = {isa = PBXBuildFile; fileRef = 94347B9412E35CBD85FC2705 /* EpisodeListView.swift */; };
		A8211C827EC54C8E34EF424C /* SubscriptionRepository.swift in Sources */ = {isa = PBXBuildFile; fileRef = E956D51604F1BA07981F0001 /* SubscriptionRepository.swift */; };
		AA2A5021F179C47FCD28D534 /* Bookmark.swift in Sources */ = {isa = PBXBuildFile; fileRef = 523456F65D5DEC166E44B8F7 /* Bookmark.swift */; };
		AB89D4F368E38728AA8BE166 /* Announcer.swift in Sources */ = {isa = PBXBuildFile; fileRef = 8C9754C877DA03DC598F4567 /* Announcer.swift */; };
		B30814ED8290A53F37FF3952 /* AddFeedView.swift in Sources */ = {isa = PBXBuildFile; fileRef = 4B06F7F65FB0DBA6132EE39E /* AddFeedView.swift */; };
		B485218BA32829A9DC997E32 /* FeedService.swift in Sources */ = {isa = PBXBuildFile; fileRef = 1908FA7002380BE2E52E7F8A /* FeedService.swift */; };
		BCC4D9C61F2DA7D7F9975DD2 /* PodcastArtwork.swift in Sources */ = {isa = PBXBuildFile; fileRef = C2AFBB00F8C76C7C8D5A7BF3 /* PodcastArtwork.swift */; };
		C2575FA0F95FEF33CA069017 /* PodcastFolder.swift in Sources */ = {isa = PBXBuildFile; fileRef = B20EED9B85C78529A51C7C70 /* PodcastFolder.swift */; };
		D2ACE04F1A94DF80EF1D670E /* QueueItem.swift in Sources */ = {isa = PBXBuildFile; fileRef = 4B6092B4EFAE230806253B94 /* QueueItem.swift */; };
		D466FE5826600E4D347FBFED /* ShareSheet.swift in Sources */ = {isa = PBXBuildFile; fileRef = 7436039DC8D115F1F457E3C3 /* ShareSheet.swift */; };
		DAE5B17F783B9608A4E356A3 /* QuickActionStore.swift in Sources */ = {isa = PBXBuildFile; fileRef = CFD6029A247CD01E7E6D06F1 /* QuickActionStore.swift */; };
		DDC4E3E1E20C71FDDDF633E3 /* HTTPClient.swift in Sources */ = {isa = PBXBuildFile; fileRef = 4C269D472A99E48313C640C1 /* HTTPClient.swift */; };
		E1326BBBB921376DFEF73272 /* EarshotApp.swift in Sources */ = {isa = PBXBuildFile; fileRef = 5DA06952463063521A170CEC /* EarshotApp.swift */; };
		EDD3D7C3BDC9A5D163CD92DA /* AppSettingsStoreTests.swift in Sources */ = {isa = PBXBuildFile; fileRef = E26741EC8F02BA386553352C /* AppSettingsStoreTests.swift */; };
		EE9986D2EC3F6DE5E32BDBE8 /* ModelContainerFactory.swift in Sources */ = {isa = PBXBuildFile; fileRef = 36E58C1C8D0069EACC139345 /* ModelContainerFactory.swift */; };
		EF4531D32B453FFD8667C030 /* QueueLogic.swift in Sources */ = {isa = PBXBuildFile; fileRef = 71BD562BB534B0133D9733ED /* QueueLogic.swift */; };
		F0CF93FBA3262643F8E54460 /* ModelGraphTests.swift in Sources */ = {isa = PBXBuildFile; fileRef = 935DE9BF07F90D248001ADE9 /* ModelGraphTests.swift */; };
		F736F4872226E3D2DDDDD76F /* Logger+Earshot.swift in Sources */ = {isa = PBXBuildFile; fileRef = D504E12C18259B246B251C7B /* Logger+Earshot.swift */; };
		F9A44A65F4853F96DA84642C /* QueueRepository.swift in Sources */ = {isa = PBXBuildFile; fileRef = 2780CB0E5357F4C10C7F4754 /* QueueRepository.swift */; };
/* End PBXBuildFile section */

/* Begin PBXContainerItemProxy section */
		1BE932869FD54030A7461C83 /* PBXContainerItemProxy */ = {
			isa = PBXContainerItemProxy;
			containerPortal = 9FB774AEE0DC1581E53209CF /* Project object */;
			proxyType = 1;
			remoteGlobalIDString = E31CD32546C44FDD4709019C;
			remoteInfo = Earshot;
		};
/* End PBXContainerItemProxy section */

/* Begin PBXFileReference section */
		176D270ABFB38F7C3BBA92BA /* PlaybackStartup.swift */ = {isa = PBXFileReference; lastKnownFileType = sourcecode.swift; path = PlaybackStartup.swift; sourceTree = "<group>"; };
		17A60E43D00F2AEB85499BCA /* FolderMembership.swift */ = {isa = PBXFileReference; lastKnownFileType = sourcecode.swift; path = FolderMembership.swift; sourceTree = "<group>"; };
		1908FA7002380BE2E52E7F8A /* FeedService.swift */ = {isa = PBXFileReference; lastKnownFileType = sourcecode.swift; path = FeedService.swift; sourceTree = "<group>"; };
		1CC39C15B55034A61C9FB060 /* EarshotTests.xctest */ = {isa = PBXFileReference; includeInIndex = 0; lastKnownFileType = wrapper.cfbundle; path = EarshotTests.xctest; sourceTree = BUILT_PRODUCTS_DIR; };
		25DCF677FA43A7F79872AE07 /* NowPlayingBar.swift */ = {isa = PBXFileReference; lastKnownFileType = sourcecode.swift; path = NowPlayingBar.swift; sourceTree = "<group>"; };
		2767329BD74341CFE704F947 /* PlaybackLogicTests.swift */ = {isa = PBXFileReference; lastKnownFileType = sourcecode.swift; path = PlaybackLogicTests.swift; sourceTree = "<group>"; };
		2780CB0E5357F4C10C7F4754 /* QueueRepository.swift */ = {isa = PBXFileReference; lastKnownFileType = sourcecode.swift; path = QueueRepository.swift; sourceTree = "<group>"; };
		278A76C6E3AB1F92AFACB741 /* CoreServicesTests.swift */ = {isa = PBXFileReference; lastKnownFileType = sourcecode.swift; path = CoreServicesTests.swift; sourceTree = "<group>"; };
		28A65FBFCB276A5A5134554C /* QueueRepositoryTests.swift */ = {isa = PBXFileReference; lastKnownFileType = sourcecode.swift; path = QueueRepositoryTests.swift; sourceTree = "<group>"; };
		2A70527F1DAF265141AC6979 /* AppColor.swift */ = {isa = PBXFileReference; lastKnownFileType = sourcecode.swift; path = AppColor.swift; sourceTree = "<group>"; };
		2BE919DDCD5DBE1272334FF6 /* RootView.swift */ = {isa = PBXFileReference; lastKnownFileType = sourcecode.swift; path = RootView.swift; sourceTree = "<group>"; };
		36E58C1C8D0069EACC139345 /* ModelContainerFactory.swift */ = {isa = PBXFileReference; lastKnownFileType = sourcecode.swift; path = ModelContainerFactory.swift; sourceTree = "<group>"; };
		3B9DA2518345900178343187 /* SubscriptionsView.swift */ = {isa = PBXFileReference; lastKnownFileType = sourcecode.swift; path = SubscriptionsView.swift; sourceTree = "<group>"; };
		4728275D0F503536DAC8C87F /* QueueLogicTests.swift */ = {isa = PBXFileReference; lastKnownFileType = sourcecode.swift; path = QueueLogicTests.swift; sourceTree = "<group>"; };
		478105CB6C9A1309975A07A1 /* Episode.swift */ = {isa = PBXFileReference; lastKnownFileType = sourcecode.swift; path = Episode.swift; sourceTree = "<group>"; };
		4B06F7F65FB0DBA6132EE39E /* AddFeedView.swift */ = {isa = PBXFileReference; lastKnownFileType = sourcecode.swift; path = AddFeedView.swift; sourceTree = "<group>"; };
		4B6092B4EFAE230806253B94 /* QueueItem.swift */ = {isa = PBXFileReference; lastKnownFileType = sourcecode.swift; path = QueueItem.swift; sourceTree = "<group>"; };
		4C269D472A99E48313C640C1 /* HTTPClient.swift */ = {isa = PBXFileReference; lastKnownFileType = sourcecode.swift; path = HTTPClient.swift; sourceTree = "<group>"; };
		4C882FAEA23E70A49123D92E /* ListeningSession.swift */ = {isa = PBXFileReference; lastKnownFileType = sourcecode.swift; path = ListeningSession.swift; sourceTree = "<group>"; };
		523456F65D5DEC166E44B8F7 /* Bookmark.swift */ = {isa = PBXFileReference; lastKnownFileType = sourcecode.swift; path = Bookmark.swift; sourceTree = "<group>"; };
		58EF6C73A139CF1EDE219A40 /* AppSettingsStore.swift */ = {isa = PBXFileReference; lastKnownFileType = sourcecode.swift; path = AppSettingsStore.swift; sourceTree = "<group>"; };
		59BE4582317C4948ECEF3288 /* RSSParserTests.swift */ = {isa = PBXFileReference; lastKnownFileType = sourcecode.swift; path = RSSParserTests.swift; sourceTree = "<group>"; };
		5DA06952463063521A170CEC /* EarshotApp.swift */ = {isa = PBXFileReference; lastKnownFileType = sourcecode.swift; path = EarshotApp.swift; sourceTree = "<group>"; };
		71BD562BB534B0133D9733ED /* QueueLogic.swift */ = {isa = PBXFileReference; lastKnownFileType = sourcecode.swift; path = QueueLogic.swift; sourceTree = "<group>"; };
		7436039DC8D115F1F457E3C3 /* ShareSheet.swift */ = {isa = PBXFileReference; lastKnownFileType = sourcecode.swift; path = ShareSheet.swift; sourceTree = "<group>"; };
		75F9762C13BCD2647A7BBDAD /* EpisodeActionsBuilder.swift */ = {isa = PBXFileReference; lastKnownFileType = sourcecode.swift; path = EpisodeActionsBuilder.swift; sourceTree = "<group>"; };
		7B3D418DEEE23B973A761F26 /* QuickActionConfig.swift */ = {isa = PBXFileReference; lastKnownFileType = sourcecode.swift; path = QuickActionConfig.swift; sourceTree = "<group>"; };
		7CF61D55C48D468680AB681C /* Podcast.swift */ = {isa = PBXFileReference; lastKnownFileType = sourcecode.swift; path = Podcast.swift; sourceTree = "<group>"; };
		85CC9C4E71AE76C7AD5682BB /* RSSParser.swift */ = {isa = PBXFileReference; lastKnownFileType = sourcecode.swift; path = RSSParser.swift; sourceTree = "<group>"; };
		87A568096519564A56357FBD /* RecentlyExpired.swift */ = {isa = PBXFileReference; lastKnownFileType = sourcecode.swift; path = RecentlyExpired.swift; sourceTree = "<group>"; };
		8C9754C877DA03DC598F4567 /* Announcer.swift */ = {isa = PBXFileReference; lastKnownFileType = sourcecode.swift; path = Announcer.swift; sourceTree = "<group>"; };
		8EC414F03B2203A2D9FC8456 /* PlaybackLogic.swift */ = {isa = PBXFileReference; lastKnownFileType = sourcecode.swift; path = PlaybackLogic.swift; sourceTree = "<group>"; };
		935DE9BF07F90D248001ADE9 /* ModelGraphTests.swift */ = {isa = PBXFileReference; lastKnownFileType = sourcecode.swift; path = ModelGraphTests.swift; sourceTree = "<group>"; };
		94347B9412E35CBD85FC2705 /* EpisodeListView.swift */ = {isa = PBXFileReference; lastKnownFileType = sourcecode.swift; path = EpisodeListView.swift; sourceTree = "<group>"; };
		9C2A7F38E26A61D91D5846A4 /* ShowNotesView.swift */ = {isa = PBXFileReference; lastKnownFileType = sourcecode.swift; path = ShowNotesView.swift; sourceTree = "<group>"; };
		9CCBE4AE43F4BE56415F15CA /* SubscriptionRepositoryTests.swift */ = {isa = PBXFileReference; lastKnownFileType = sourcecode.swift; path = SubscriptionRepositoryTests.swift; sourceTree = "<group>"; };
		A621AE99537538C3A0AD021C /* EpisodeRow.swift */ = {isa = PBXFileReference; lastKnownFileType = sourcecode.swift; path = EpisodeRow.swift; sourceTree = "<group>"; };
		ABEEC723E5C0BC90DFC057B2 /* AppSetting.swift */ = {isa = PBXFileReference; lastKnownFileType = sourcecode.swift; path = AppSetting.swift; sourceTree = "<group>"; };
		B20EED9B85C78529A51C7C70 /* PodcastFolder.swift */ = {isa = PBXFileReference; lastKnownFileType = sourcecode.swift; path = PodcastFolder.swift; sourceTree = "<group>"; };
		B27BB426B5C9992591376435 /* Spacing.swift */ = {isa = PBXFileReference; lastKnownFileType = sourcecode.swift; path = Spacing.swift; sourceTree = "<group>"; };
		B460461D7FFCC6EB70CB51B4 /* ReduceMotion.swift */ = {isa = PBXFileReference; lastKnownFileType = sourcecode.swift; path = ReduceMotion.swift; sourceTree = "<group>"; };
		B5F71AE13AFCDD1550650672 /* EpisodeAction.swift */ = {isa = PBXFileReference; lastKnownFileType = sourcecode.swift; path = EpisodeAction.swift; sourceTree = "<group>"; };
		C2AFBB00F8C76C7C8D5A7BF3 /* PodcastArtwork.swift */ = {isa = PBXFileReference; lastKnownFileType = sourcecode.swift; path = PodcastArtwork.swift; sourceTree = "<group>"; };
		CFD6029A247CD01E7E6D06F1 /* QuickActionStore.swift */ = {isa = PBXFileReference; lastKnownFileType = sourcecode.swift; path = QuickActionStore.swift; sourceTree = "<group>"; };
		D417CBEB2EF403CE505CD8E9 /* Earshot.app */ = {isa = PBXFileReference; includeInIndex = 0; lastKnownFileType = wrapper.application; path = Earshot.app; sourceTree = BUILT_PRODUCTS_DIR; };
		D504E12C18259B246B251C7B /* Logger+Earshot.swift */ = {isa = PBXFileReference; lastKnownFileType = sourcecode.swift; path = "Logger+Earshot.swift"; sourceTree = "<group>"; };
		DF69017C7C2090E496CBC830 /* EarshotSchema.swift */ = {isa = PBXFileReference; lastKnownFileType = sourcecode.swift; path = EarshotSchema.swift; sourceTree = "<group>"; };
		E26741EC8F02BA386553352C /* AppSettingsStoreTests.swift */ = {isa = PBXFileReference; lastKnownFileType = sourcecode.swift; path = AppSettingsStoreTests.swift; sourceTree = "<group>"; };
		E565903CF72B66FF3E108C5B /* PlayerService.swift */ = {isa = PBXFileReference; lastKnownFileType = sourcecode.swift; path = PlayerService.swift; sourceTree = "<group>"; };
		E956D51604F1BA07981F0001 /* SubscriptionRepository.swift */ = {isa = PBXFileReference; lastKnownFileType = sourcecode.swift; path = SubscriptionRepository.swift; sourceTree = "<group>"; };
		EE47A8895121139EC1D75B8A /* TestSupport.swift */ = {isa = PBXFileReference; lastKnownFileType = sourcecode.swift; path = TestSupport.swift; sourceTree = "<group>"; };
		EF4559A7D750A9F7AFFC5652 /* Info.plist */ = {isa = PBXFileReference; lastKnownFileType = text.plist; path = Info.plist; sourceTree = "<group>"; };
		F0E82F35CB949845DE1189C9 /* ModelEnums.swift */ = {isa = PBXFileReference; lastKnownFileType = sourcecode.swift; path = ModelEnums.swift; sourceTree = "<group>"; };
		F5725AE54EE0504CA412713C /* QuickActionsSettingsView.swift */ = {isa = PBXFileReference; lastKnownFileType = sourcecode.swift; path = QuickActionsSettingsView.swift; sourceTree = "<group>"; };
/* End PBXFileReference section */

/* Begin PBXGroup section */
		1199D63C5C40E277305569D1 /* Persistence */ = {
			isa = PBXGroup;
			children = (
				58EF6C73A139CF1EDE219A40 /* AppSettingsStore.swift */,
				DF69017C7C2090E496CBC830 /* EarshotSchema.swift */,
				36E58C1C8D0069EACC139345 /* ModelContainerFactory.swift */,
			);
			path = Persistence;
			sourceTree = "<group>";
		};
		226A036D0987EEE09C09D751 /* Logging */ = {
			isa = PBXGroup;
			children = (
				D504E12C18259B246B251C7B /* Logger+Earshot.swift */,
			);
			path = Logging;
			sourceTree = "<group>";
		};
		253926C599E72777B8930C9C /* Queue */ = {
			isa = PBXGroup;
			children = (
				A95E9A936DBBC680A6C746CC /* Data */,
				6DAB824EFE7BC297071AE534 /* Domain */,
			);
			path = Queue;
			sourceTree = "<group>";
		};
		2A2D8FC551EDAA9E074169D5 /* Models */ = {
			isa = PBXGroup;
			children = (
				ABEEC723E5C0BC90DFC057B2 /* AppSetting.swift */,
				523456F65D5DEC166E44B8F7 /* Bookmark.swift */,
				478105CB6C9A1309975A07A1 /* Episode.swift */,
				17A60E43D00F2AEB85499BCA /* FolderMembership.swift */,
				4C882FAEA23E70A49123D92E /* ListeningSession.swift */,
				F0E82F35CB949845DE1189C9 /* ModelEnums.swift */,
				7CF61D55C48D468680AB681C /* Podcast.swift */,
				B20EED9B85C78529A51C7C70 /* PodcastFolder.swift */,
				4B6092B4EFAE230806253B94 /* QueueItem.swift */,
				7B3D418DEEE23B973A761F26 /* QuickActionConfig.swift */,
				87A568096519564A56357FBD /* RecentlyExpired.swift */,
			);
			path = Models;
			sourceTree = "<group>";
		};
		33546D3836BE31CC0785426A /* Subscriptions */ = {
			isa = PBXGroup;
			children = (
				F47F45AC4CA9B705B006AF6B /* Data */,
				993667BC9CDF65D974D50E88 /* Presentation */,
			);
			path = Subscriptions;
			sourceTree = "<group>";
		};
		373449AA16D97653E16A2BF2 /* Products */ = {
			isa = PBXGroup;
			children = (
				D417CBEB2EF403CE505CD8E9 /* Earshot.app */,
				1CC39C15B55034A61C9FB060 /* EarshotTests.xctest */,
			);
			name = Products;
			sourceTree = "<group>";
		};
		3869032457A3166B74305C1F /* Domain */ = {
			isa = PBXGroup;
			children = (
				B5F71AE13AFCDD1550650672 /* EpisodeAction.swift */,
				75F9762C13BCD2647A7BBDAD /* EpisodeActionsBuilder.swift */,
			);
			path = Domain;
			sourceTree = "<group>";
		};
		4274C0A85F145B1D7BDC10FD /* Earshot */ = {
			isa = PBXGroup;
			children = (
				62EB7B31F1A76BAA6CD3E051 /* App */,
				E52CF55137A1278DB44D8888 /* Core */,
				567B64298A5E9A355E86D228 /* Data */,
				F6A8460F5200A96DDA6701AA /* Features */,
			);
			path = Earshot;
			sourceTree = "<group>";
		};
		4337CABBC3BFF200BD721BC4 /* EarshotTests */ = {
			isa = PBXGroup;
			children = (
				E26741EC8F02BA386553352C /* AppSettingsStoreTests.swift */,
				278A76C6E3AB1F92AFACB741 /* CoreServicesTests.swift */,
				935DE9BF07F90D248001ADE9 /* ModelGraphTests.swift */,
				2767329BD74341CFE704F947 /* PlaybackLogicTests.swift */,
				4728275D0F503536DAC8C87F /* QueueLogicTests.swift */,
				28A65FBFCB276A5A5134554C /* QueueRepositoryTests.swift */,
				59BE4582317C4948ECEF3288 /* RSSParserTests.swift */,
				9CCBE4AE43F4BE56415F15CA /* SubscriptionRepositoryTests.swift */,
				EE47A8895121139EC1D75B8A /* TestSupport.swift */,
			);
			path = EarshotTests;
			sourceTree = "<group>";
		};
		567B64298A5E9A355E86D228 /* Data */ = {
			isa = PBXGroup;
			children = (
				2A2D8FC551EDAA9E074169D5 /* Models */,
				1199D63C5C40E277305569D1 /* Persistence */,
			);
			path = Data;
			sourceTree = "<group>";
		};
		586DE785AE0DAF02A7D72033 /* Accessibility */ = {
			isa = PBXGroup;
			children = (
				8C9754C877DA03DC598F4567 /* Announcer.swift */,
				B460461D7FFCC6EB70CB51B4 /* ReduceMotion.swift */,
			);
			path = Accessibility;
			sourceTree = "<group>";
		};
		62EB7B31F1A76BAA6CD3E051 /* App */ = {
			isa = PBXGroup;
			children = (
				5DA06952463063521A170CEC /* EarshotApp.swift */,
				EF4559A7D750A9F7AFFC5652 /* Info.plist */,
				2BE919DDCD5DBE1272334FF6 /* RootView.swift */,
			);
			path = App;
			sourceTree = "<group>";
		};
		6DAB824EFE7BC297071AE534 /* Domain */ = {
			isa = PBXGroup;
			children = (
				71BD562BB534B0133D9733ED /* QueueLogic.swift */,
			);
			path = Domain;
			sourceTree = "<group>";
		};
		7FC2E144A5E5CDD4BD3F2A6E /* Theme */ = {
			isa = PBXGroup;
			children = (
				2A70527F1DAF265141AC6979 /* AppColor.swift */,
				B27BB426B5C9992591376435 /* Spacing.swift */,
			);
			path = Theme;
			sourceTree = "<group>";
		};
		827800DC3D2DC4FFE062D774 /* Networking */ = {
			isa = PBXGroup;
			children = (
				4C269D472A99E48313C640C1 /* HTTPClient.swift */,
			);
			path = Networking;
			sourceTree = "<group>";
		};
		92ACC113472B96ECCA0644B6 /* Presentation */ = {
			isa = PBXGroup;
			children = (
				F5725AE54EE0504CA412713C /* QuickActionsSettingsView.swift */,
				CFD6029A247CD01E7E6D06F1 /* QuickActionStore.swift */,
			);
			path = Presentation;
			sourceTree = "<group>";
		};
		993667BC9CDF65D974D50E88 /* Presentation */ = {
			isa = PBXGroup;
			children = (
				4B06F7F65FB0DBA6132EE39E /* AddFeedView.swift */,
				94347B9412E35CBD85FC2705 /* EpisodeListView.swift */,
				A621AE99537538C3A0AD021C /* EpisodeRow.swift */,
				C2AFBB00F8C76C7C8D5A7BF3 /* PodcastArtwork.swift */,
				9C2A7F38E26A61D91D5846A4 /* ShowNotesView.swift */,
				3B9DA2518345900178343187 /* SubscriptionsView.swift */,
			);
			path = Presentation;
			sourceTree = "<group>";
		};
		993B8D204E4E7B3167DF2E35 = {
			isa = PBXGroup;
			children = (
				4274C0A85F145B1D7BDC10FD /* Earshot */,
				4337CABBC3BFF200BD721BC4 /* EarshotTests */,
				373449AA16D97653E16A2BF2 /* Products */,
			);
			sourceTree = "<group>";
		};
		A95E9A936DBBC680A6C746CC /* Data */ = {
			isa = PBXGroup;
			children = (
				2780CB0E5357F4C10C7F4754 /* QueueRepository.swift */,
			);
			path = Data;
			sourceTree = "<group>";
		};
		AE0610F297D9A358175982BD /* QuickActions */ = {
			isa = PBXGroup;
			children = (
				3869032457A3166B74305C1F /* Domain */,
				92ACC113472B96ECCA0644B6 /* Presentation */,
			);
			path = QuickActions;
			sourceTree = "<group>";
		};
		B8E66938AC2D9B0FA489A06F /* Domain */ = {
			isa = PBXGroup;
			children = (
				8EC414F03B2203A2D9FC8456 /* PlaybackLogic.swift */,
				176D270ABFB38F7C3BBA92BA /* PlaybackStartup.swift */,
			);
			path = Domain;
			sourceTree = "<group>";
		};
		DE20018C1E596BDF50F7F328 /* Data */ = {
			isa = PBXGroup;
			children = (
				E565903CF72B66FF3E108C5B /* PlayerService.swift */,
			);
			path = Data;
			sourceTree = "<group>";
		};
		DFE123C4B6B7A778558B051F /* Presentation */ = {
			isa = PBXGroup;
			children = (
				25DCF677FA43A7F79872AE07 /* NowPlayingBar.swift */,
			);
			path = Presentation;
			sourceTree = "<group>";
		};
		E52CF55137A1278DB44D8888 /* Core */ = {
			isa = PBXGroup;
			children = (
				586DE785AE0DAF02A7D72033 /* Accessibility */,
				226A036D0987EEE09C09D751 /* Logging */,
				827800DC3D2DC4FFE062D774 /* Networking */,
				7FC2E144A5E5CDD4BD3F2A6E /* Theme */,
				FB561C5DBD35A07AE5446BA0 /* UI */,
			);
			path = Core;
			sourceTree = "<group>";
		};
		E6B946989E9817D3F874990D /* Player */ = {
			isa = PBXGroup;
			children = (
				DE20018C1E596BDF50F7F328 /* Data */,
				B8E66938AC2D9B0FA489A06F /* Domain */,
				DFE123C4B6B7A778558B051F /* Presentation */,
			);
			path = Player;
			sourceTree = "<group>";
		};
		F47F45AC4CA9B705B006AF6B /* Data */ = {
			isa = PBXGroup;
			children = (
				1908FA7002380BE2E52E7F8A /* FeedService.swift */,
				85CC9C4E71AE76C7AD5682BB /* RSSParser.swift */,
				E956D51604F1BA07981F0001 /* SubscriptionRepository.swift */,
			);
			path = Data;
			sourceTree = "<group>";
		};
		F6A8460F5200A96DDA6701AA /* Features */ = {
			isa = PBXGroup;
			children = (
				E6B946989E9817D3F874990D /* Player */,
				253926C599E72777B8930C9C /* Queue */,
				AE0610F297D9A358175982BD /* QuickActions */,
				33546D3836BE31CC0785426A /* Subscriptions */,
			);
			path = Features;
			sourceTree = "<group>";
		};
		FB561C5DBD35A07AE5446BA0 /* UI */ = {
			isa = PBXGroup;
			children = (
				7436039DC8D115F1F457E3C3 /* ShareSheet.swift */,
			);
			path = UI;
			sourceTree = "<group>";
		};
/* End PBXGroup section */

/* Begin PBXNativeTarget section */
		916802478DDA8A030C689CC9 /* EarshotTests */ = {
			isa = PBXNativeTarget;
			buildConfigurationList = 5A6AD01F0F524600229031A7 /* Build configuration list for PBXNativeTarget "EarshotTests" */;
			buildPhases = (
				AADDFF44010EF59732076845 /* Sources */,
			);
			buildRules = (
			);
			dependencies = (
				3DB1905100168A0D01A62FE4 /* PBXTargetDependency */,
			);
			name = EarshotTests;
			packageProductDependencies = (
			);
			productName = EarshotTests;
			productReference = 1CC39C15B55034A61C9FB060 /* EarshotTests.xctest */;
			productType = "com.apple.product-type.bundle.unit-test";
		};
		E31CD32546C44FDD4709019C /* Earshot */ = {
			isa = PBXNativeTarget;
			buildConfigurationList = 7F90677C9B9E9DC75FEA96C9 /* Build configuration list for PBXNativeTarget "Earshot" */;
			buildPhases = (
				5D13E956E409F7051DBFD895 /* Sources */,
			);
			buildRules = (
			);
			dependencies = (
			);
			name = Earshot;
			packageProductDependencies = (
			);
			productName = Earshot;
			productReference = D417CBEB2EF403CE505CD8E9 /* Earshot.app */;
			productType = "com.apple.product-type.application";
		};
/* End PBXNativeTarget section */

/* Begin PBXProject section */
		9FB774AEE0DC1581E53209CF /* Project object */ = {
			isa = PBXProject;
			attributes = {
				BuildIndependentTargetsInParallel = YES;
				LastUpgradeCheck = 1430;
				TargetAttributes = {
					916802478DDA8A030C689CC9 = {
						DevelopmentTeam = 72PH974742;
						ProvisioningStyle = Automatic;
					};
					E31CD32546C44FDD4709019C = {
						DevelopmentTeam = 72PH974742;
						ProvisioningStyle = Automatic;
					};
				};
			};
			buildConfigurationList = 5E10F8C7203D68DB8A12B50A /* Build configuration list for PBXProject "Earshot" */;
			developmentRegion = en;
			hasScannedForEncodings = 0;
			knownRegions = (
				Base,
				en,
			);
			mainGroup = 993B8D204E4E7B3167DF2E35;
			minimizedProjectReferenceProxies = 1;
			preferredProjectObjectVersion = 77;
			productRefGroup = 373449AA16D97653E16A2BF2 /* Products */;
			projectDirPath = "";
			projectRoot = "";
			targets = (
				E31CD32546C44FDD4709019C /* Earshot */,
				916802478DDA8A030C689CC9 /* EarshotTests */,
			);
		};
/* End PBXProject section */

/* Begin PBXSourcesBuildPhase section */
		5D13E956E409F7051DBFD895 /* Sources */ = {
			isa = PBXSourcesBuildPhase;
			buildActionMask = 2147483647;
			files = (
				B30814ED8290A53F37FF3952 /* AddFeedView.swift in Sources */,
				AB89D4F368E38728AA8BE166 /* Announcer.swift in Sources */,
				3C6476CFA60A09AE37DB5A26 /* AppColor.swift in Sources */,
				0F598FF01FFD7FF9B1B5BB69 /* AppSetting.swift in Sources */,
				2E1D2D6E6830D24F356C575D /* AppSettingsStore.swift in Sources */,
				AA2A5021F179C47FCD28D534 /* Bookmark.swift in Sources */,
				E1326BBBB921376DFEF73272 /* EarshotApp.swift in Sources */,
				A5562928188E34157246A1FE /* EarshotSchema.swift in Sources */,
				60BEBF0B98670BDA9980C3B6 /* Episode.swift in Sources */,
				5300063D3DF0F8B0C230D30E /* EpisodeAction.swift in Sources */,
				42C670F214460BADA919C9DB /* EpisodeActionsBuilder.swift in Sources */,
				A6ABA0F37BA96A1A6D768F49 /* EpisodeListView.swift in Sources */,
				87D55A542BD1471B1F6DCA83 /* EpisodeRow.swift in Sources */,
				B485218BA32829A9DC997E32 /* FeedService.swift in Sources */,
				01262DE59B46D2A204377F1D /* FolderMembership.swift in Sources */,
				DDC4E3E1E20C71FDDDF633E3 /* HTTPClient.swift in Sources */,
				32BF15D8A033A13EA5B4F6C3 /* ListeningSession.swift in Sources */,
				F736F4872226E3D2DDDDD76F /* Logger+Earshot.swift in Sources */,
				EE9986D2EC3F6DE5E32BDBE8 /* ModelContainerFactory.swift in Sources */,
				33C506B6499A0ED5BFBA8756 /* ModelEnums.swift in Sources */,
				5DC7D8D09A34917698C18126 /* NowPlayingBar.swift in Sources */,
				36F063B141F605CB5193359F /* PlaybackLogic.swift in Sources */,
				6431563238F258D03A768B3C /* PlaybackStartup.swift in Sources */,
				51EE602096FEE0FF490A7CBB /* PlayerService.swift in Sources */,
				4A96AC7CA53D6D1AD19EDA3E /* Podcast.swift in Sources */,
				BCC4D9C61F2DA7D7F9975DD2 /* PodcastArtwork.swift in Sources */,
				C2575FA0F95FEF33CA069017 /* PodcastFolder.swift in Sources */,
				D2ACE04F1A94DF80EF1D670E /* QueueItem.swift in Sources */,
				EF4531D32B453FFD8667C030 /* QueueLogic.swift in Sources */,
				F9A44A65F4853F96DA84642C /* QueueRepository.swift in Sources */,
				6CD33440829B9B83DBA4F576 /* QuickActionConfig.swift in Sources */,
				DAE5B17F783B9608A4E356A3 /* QuickActionStore.swift in Sources */,
				0EA843CE44BDF92F60286C83 /* QuickActionsSettingsView.swift in Sources */,
				13797CCEF4754E2CB175CA74 /* RSSParser.swift in Sources */,
				500EB520CE09383649EA453D /* RecentlyExpired.swift in Sources */,
				A66F5F9A02B2E31F587CB2B4 /* ReduceMotion.swift in Sources */,
				1EB72C9EDA751CE62531D56B /* RootView.swift in Sources */,
				D466FE5826600E4D347FBFED /* ShareSheet.swift in Sources */,
				0C34726CCF898D3B224D7296 /* ShowNotesView.swift in Sources */,
				9B96460020EE778842F1D5C4 /* Spacing.swift in Sources */,
				A8211C827EC54C8E34EF424C /* SubscriptionRepository.swift in Sources */,
				2651183B9A6197ACA0DCEC9D /* SubscriptionsView.swift in Sources */,
			);
			runOnlyForDeploymentPostprocessing = 0;
		};
		AADDFF44010EF59732076845 /* Sources */ = {
			isa = PBXSourcesBuildPhase;
			buildActionMask = 2147483647;
			files = (
				EDD3D7C3BDC9A5D163CD92DA /* AppSettingsStoreTests.swift in Sources */,
				51AB6A682FF34A1A768BCF68 /* CoreServicesTests.swift in Sources */,
				F0CF93FBA3262643F8E54460 /* ModelGraphTests.swift in Sources */,
				14767E36BB627235213229DF /* PlaybackLogicTests.swift in Sources */,
				3DA541CA557082ADCED13D06 /* QueueLogicTests.swift in Sources */,
				41AFCC8DA6210A4533048FBD /* QueueRepositoryTests.swift in Sources */,
				78792212EF7E1CCAE13117F8 /* RSSParserTests.swift in Sources */,
				12FF5569EF0035E8169F9C7B /* SubscriptionRepositoryTests.swift in Sources */,
				120F7E7696DFA8780C99278B /* TestSupport.swift in Sources */,
			);
			runOnlyForDeploymentPostprocessing = 0;
		};
/* End PBXSourcesBuildPhase section */

/* Begin PBXTargetDependency section */
		3DB1905100168A0D01A62FE4 /* PBXTargetDependency */ = {
			isa = PBXTargetDependency;
			target = E31CD32546C44FDD4709019C /* Earshot */;
			targetProxy = 1BE932869FD54030A7461C83 /* PBXContainerItemProxy */;
		};
/* End PBXTargetDependency section */

/* Begin XCBuildConfiguration section */
		0E956BB3C807FD8C37138DE3 /* Debug */ = {
			isa = XCBuildConfiguration;
			buildSettings = {
				ALWAYS_SEARCH_USER_PATHS = NO;
				CLANG_ANALYZER_NONNULL = YES;
				CLANG_ANALYZER_NUMBER_OBJECT_CONVERSION = YES_AGGRESSIVE;
				CLANG_CXX_LANGUAGE_STANDARD = "gnu++14";
				CLANG_CXX_LIBRARY = "libc++";
				CLANG_ENABLE_MODULES = YES;
				CLANG_ENABLE_OBJC_ARC = YES;
				CLANG_ENABLE_OBJC_WEAK = YES;
				CLANG_WARN_BLOCK_CAPTURE_AUTORELEASING = YES;
				CLANG_WARN_BOOL_CONVERSION = YES;
				CLANG_WARN_COMMA = YES;
				CLANG_WARN_CONSTANT_CONVERSION = YES;
				CLANG_WARN_DEPRECATED_OBJC_IMPLEMENTATIONS = YES;
				CLANG_WARN_DIRECT_OBJC_ISA_USAGE = YES_ERROR;
				CLANG_WARN_DOCUMENTATION_COMMENTS = YES;
				CLANG_WARN_EMPTY_BODY = YES;
				CLANG_WARN_ENUM_CONVERSION = YES;
				CLANG_WARN_INFINITE_RECURSION = YES;
				CLANG_WARN_INT_CONVERSION = YES;
				CLANG_WARN_NON_LITERAL_NULL_CONVERSION = YES;
				CLANG_WARN_OBJC_IMPLICIT_RETAIN_SELF = YES;
				CLANG_WARN_OBJC_LITERAL_CONVERSION = YES;
				CLANG_WARN_OBJC_ROOT_CLASS = YES_ERROR;
				CLANG_WARN_QUOTED_INCLUDE_IN_FRAMEWORK_HEADER = YES;
				CLANG_WARN_RANGE_LOOP_ANALYSIS = YES;
				CLANG_WARN_STRICT_PROTOTYPES = YES;
				CLANG_WARN_SUSPICIOUS_MOVE = YES;
				CLANG_WARN_UNGUARDED_AVAILABILITY = YES_AGGRESSIVE;
				CLANG_WARN_UNREACHABLE_CODE = YES;
				CLANG_WARN__DUPLICATE_METHOD_MATCH = YES;
				COPY_PHASE_STRIP = NO;
				CURRENT_PROJECT_VERSION = 1;
				DEBUG_INFORMATION_FORMAT = dwarf;
				ENABLE_STRICT_OBJC_MSGSEND = YES;
				ENABLE_TESTABILITY = YES;
				GCC_C_LANGUAGE_STANDARD = gnu11;
				GCC_DYNAMIC_NO_PIC = NO;
				GCC_NO_COMMON_BLOCKS = YES;
				GCC_OPTIMIZATION_LEVEL = 0;
				GCC_PREPROCESSOR_DEFINITIONS = (
					"$(inherited)",
					"DEBUG=1",
				);
				GCC_WARN_64_TO_32_BIT_CONVERSION = YES;
				GCC_WARN_ABOUT_RETURN_TYPE = YES_ERROR;
				GCC_WARN_UNDECLARED_SELECTOR = YES;
				GCC_WARN_UNINITIALIZED_AUTOS = YES_AGGRESSIVE;
				GCC_WARN_UNUSED_FUNCTION = YES;
				GCC_WARN_UNUSED_VARIABLE = YES;
				IPHONEOS_DEPLOYMENT_TARGET = 17.0;
				MARKETING_VERSION = 0.1.0;
				MTL_ENABLE_DEBUG_INFO = INCLUDE_SOURCE;
				MTL_FAST_MATH = YES;
				ONLY_ACTIVE_ARCH = YES;
				PRODUCT_NAME = "$(TARGET_NAME)";
				SDKROOT = iphoneos;
				SWIFT_ACTIVE_COMPILATION_CONDITIONS = DEBUG;
				SWIFT_OPTIMIZATION_LEVEL = "-Onone";
				SWIFT_STRICT_CONCURRENCY = minimal;
				SWIFT_VERSION = 5.0;
			};
			name = Debug;
		};
		1010EACC05677C5E33B6E28E /* Release */ = {
			isa = XCBuildConfiguration;
			buildSettings = {
				ASSETCATALOG_COMPILER_APPICON_NAME = AppIcon;
				CODE_SIGN_IDENTITY = "iPhone Developer";
				CODE_SIGN_STYLE = Automatic;
				DEVELOPMENT_TEAM = 72PH974742;
				ENABLE_PREVIEWS = YES;
				INFOPLIST_FILE = Earshot/App/Info.plist;
				LD_RUNPATH_SEARCH_PATHS = (
					"$(inherited)",
					"@executable_path/Frameworks",
				);
				PRODUCT_BUNDLE_IDENTIFIER = media.payown.earshot.swift;
				SDKROOT = iphoneos;
				TARGETED_DEVICE_FAMILY = "1,2";
			};
			name = Release;
		};
		442DB5E1579CF9F8F2E674FF /* Release */ = {
			isa = XCBuildConfiguration;
			buildSettings = {
				ALWAYS_SEARCH_USER_PATHS = NO;
				CLANG_ANALYZER_NONNULL = YES;
				CLANG_ANALYZER_NUMBER_OBJECT_CONVERSION = YES_AGGRESSIVE;
				CLANG_CXX_LANGUAGE_STANDARD = "gnu++14";
				CLANG_CXX_LIBRARY = "libc++";
				CLANG_ENABLE_MODULES = YES;
				CLANG_ENABLE_OBJC_ARC = YES;
				CLANG_ENABLE_OBJC_WEAK = YES;
				CLANG_WARN_BLOCK_CAPTURE_AUTORELEASING = YES;
				CLANG_WARN_BOOL_CONVERSION = YES;
				CLANG_WARN_COMMA = YES;
				CLANG_WARN_CONSTANT_CONVERSION = YES;
				CLANG_WARN_DEPRECATED_OBJC_IMPLEMENTATIONS = YES;
				CLANG_WARN_DIRECT_OBJC_ISA_USAGE = YES_ERROR;
				CLANG_WARN_DOCUMENTATION_COMMENTS = YES;
				CLANG_WARN_EMPTY_BODY = YES;
				CLANG_WARN_ENUM_CONVERSION = YES;
				CLANG_WARN_INFINITE_RECURSION = YES;
				CLANG_WARN_INT_CONVERSION = YES;
				CLANG_WARN_NON_LITERAL_NULL_CONVERSION = YES;
				CLANG_WARN_OBJC_IMPLICIT_RETAIN_SELF = YES;
				CLANG_WARN_OBJC_LITERAL_CONVERSION = YES;
				CLANG_WARN_OBJC_ROOT_CLASS = YES_ERROR;
				CLANG_WARN_QUOTED_INCLUDE_IN_FRAMEWORK_HEADER = YES;
				CLANG_WARN_RANGE_LOOP_ANALYSIS = YES;
				CLANG_WARN_STRICT_PROTOTYPES = YES;
				CLANG_WARN_SUSPICIOUS_MOVE = YES;
				CLANG_WARN_UNGUARDED_AVAILABILITY = YES_AGGRESSIVE;
				CLANG_WARN_UNREACHABLE_CODE = YES;
				CLANG_WARN__DUPLICATE_METHOD_MATCH = YES;
				COPY_PHASE_STRIP = NO;
				CURRENT_PROJECT_VERSION = 1;
				DEBUG_INFORMATION_FORMAT = "dwarf-with-dsym";
				ENABLE_NS_ASSERTIONS = NO;
				ENABLE_STRICT_OBJC_MSGSEND = YES;
				GCC_C_LANGUAGE_STANDARD = gnu11;
				GCC_NO_COMMON_BLOCKS = YES;
				GCC_WARN_64_TO_32_BIT_CONVERSION = YES;
				GCC_WARN_ABOUT_RETURN_TYPE = YES_ERROR;
				GCC_WARN_UNDECLARED_SELECTOR = YES;
				GCC_WARN_UNINITIALIZED_AUTOS = YES_AGGRESSIVE;
				GCC_WARN_UNUSED_FUNCTION = YES;
				GCC_WARN_UNUSED_VARIABLE = YES;
				IPHONEOS_DEPLOYMENT_TARGET = 17.0;
				MARKETING_VERSION = 0.1.0;
				MTL_ENABLE_DEBUG_INFO = NO;
				MTL_FAST_MATH = YES;
				PRODUCT_NAME = "$(TARGET_NAME)";
				SDKROOT = iphoneos;
				SWIFT_COMPILATION_MODE = wholemodule;
				SWIFT_OPTIMIZATION_LEVEL = "-O";
				SWIFT_STRICT_CONCURRENCY = minimal;
				SWIFT_VERSION = 5.0;
			};
			name = Release;
		};
		7DBFAA456FB5ABBE14E23A80 /* Debug */ = {
			isa = XCBuildConfiguration;
			buildSettings = {
				BUNDLE_LOADER = "$(TEST_HOST)";
				CODE_SIGN_STYLE = Automatic;
				DEVELOPMENT_TEAM = 72PH974742;
				GENERATE_INFOPLIST_FILE = YES;
				LD_RUNPATH_SEARCH_PATHS = (
					"$(inherited)",
					"@executable_path/Frameworks",
					"@loader_path/Frameworks",
				);
				PRODUCT_BUNDLE_IDENTIFIER = media.payown.earshot.swift.tests;
				SDKROOT = iphoneos;
				TARGETED_DEVICE_FAMILY = "1,2";
				TEST_HOST = "$(BUILT_PRODUCTS_DIR)/Earshot.app/Earshot";
			};
			name = Debug;
		};
		987A614C5B11A6A47360C74E /* Debug */ = {
			isa = XCBuildConfiguration;
			buildSettings = {
				ASSETCATALOG_COMPILER_APPICON_NAME = AppIcon;
				CODE_SIGN_IDENTITY = "iPhone Developer";
				CODE_SIGN_STYLE = Automatic;
				DEVELOPMENT_TEAM = 72PH974742;
				ENABLE_PREVIEWS = YES;
				INFOPLIST_FILE = Earshot/App/Info.plist;
				LD_RUNPATH_SEARCH_PATHS = (
					"$(inherited)",
					"@executable_path/Frameworks",
				);
				PRODUCT_BUNDLE_IDENTIFIER = media.payown.earshot.swift;
				SDKROOT = iphoneos;
				TARGETED_DEVICE_FAMILY = "1,2";
			};
			name = Debug;
		};
		D6FC61A6881555A02A25BAFD /* Release */ = {
			isa = XCBuildConfiguration;
			buildSettings = {
				BUNDLE_LOADER = "$(TEST_HOST)";
				CODE_SIGN_STYLE = Automatic;
				DEVELOPMENT_TEAM = 72PH974742;
				GENERATE_INFOPLIST_FILE = YES;
				LD_RUNPATH_SEARCH_PATHS = (
					"$(inherited)",
					"@executable_path/Frameworks",
					"@loader_path/Frameworks",
				);
				PRODUCT_BUNDLE_IDENTIFIER = media.payown.earshot.swift.tests;
				SDKROOT = iphoneos;
				TARGETED_DEVICE_FAMILY = "1,2";
				TEST_HOST = "$(BUILT_PRODUCTS_DIR)/Earshot.app/Earshot";
			};
			name = Release;
		};
/* End XCBuildConfiguration section */

/* Begin XCConfigurationList section */
		5A6AD01F0F524600229031A7 /* Build configuration list for PBXNativeTarget "EarshotTests" */ = {
			isa = XCConfigurationList;
			buildConfigurations = (
				7DBFAA456FB5ABBE14E23A80 /* Debug */,
				D6FC61A6881555A02A25BAFD /* Release */,
			);
			defaultConfigurationIsVisible = 0;
			defaultConfigurationName = Debug;
		};
		5E10F8C7203D68DB8A12B50A /* Build configuration list for PBXProject "Earshot" */ = {
			isa = XCConfigurationList;
			buildConfigurations = (
				0E956BB3C807FD8C37138DE3 /* Debug */,
				442DB5E1579CF9F8F2E674FF /* Release */,
			);
			defaultConfigurationIsVisible = 0;
			defaultConfigurationName = Debug;
		};
		7F90677C9B9E9DC75FEA96C9 /* Build configuration list for PBXNativeTarget "Earshot" */ = {
			isa = XCConfigurationList;
			buildConfigurations = (
				987A614C5B11A6A47360C74E /* Debug */,
				1010EACC05677C5E33B6E28E /* Release */,
			);
			defaultConfigurationIsVisible = 0;
			defaultConfigurationName = Debug;
		};
/* End XCConfigurationList section */
	};
	rootObject = 9FB774AEE0DC1581E53209CF /* Project object */;
}
